
Microsoft Visual Studio Solution File, Format Version 12.00
# Visual Studio 15
VisualStudioVersion = 15.0.28307.106
MinimumVisualStudioVersion = 10.0.40219.1
Project("{FAE04EC0-301F-11D3-BF4B-00C04F79EFBC}") = "WebApplication1", "WebApplication1\WebApplication1.csproj", "{39928BA9-C795-45F7-8773-D9C7F9B1ADEA}"
EndProject
Global
	GlobalSection(SolutionConfigurationPlatforms) = preSolution
		Debug|Any CPU = Debug|Any CPU
		Release|Any CPU = Release|Any CPU
	EndGlobalSection
	GlobalSection(ProjectConfigurationPlatforms) = postSolution
		{39928BA9-C795-45F7-8773-D9C7F9B1ADEA}.Debug|Any CPU.ActiveCfg = Debug|Any CPU
		{39928BA9-C795-45F7-8773-D9C7F9B1ADEA}.Debug|Any CPU.Build.0 = Debug|Any CPU
		{39928BA9-C795-45F7-8773-D9C7F9B1ADEA}.Release|Any CPU.ActiveCfg = Release|Any CPU
		{39928BA9-C795-45F7-8773-D9C7F9B1ADEA}.Release|Any CPU.Build.0 = Release|Any CPU
	EndGlobalSection
	GlobalSection(SolutionProperties) = preSolution
		HideSolutionNode = FALSE
	EndGlobalSection
	GlobalSection(ExtensibilityGlobals) = postSolution
		SolutionGuid = {A2F587AE-5D59-476B-A584-DB649084038E}
	EndGlobalSection
EndGlobal
